// !$*UTF8*$!
{
	archiveVersion = 1;
	classes = {
	};
	objectVersion = 46;
	objects = {

/* Begin PBXBuildFile section */
		1023B2C462F7C5DC54FFBBDD /* Pods_Pokedex.framework in Frameworks */ = {isa = PBXBuildFile; fileRef = A37FD9FBD768BECC8A15A9DF /* Pods_Pokedex.framework */; };
		27407AF31F1D2A3500FF7F72 /* AppDelegate.swift in Sources */ = {isa = PBXBuildFile; fileRef = 27407AF21F1D2A3500FF7F72 /* AppDelegate.swift */; };
		27407AF51F1D2A3500FF7F72 /* PokedexVC.swift in Sources */ = {isa = PBXBuildFile; fileRef = 27407AF41F1D2A3500FF7F72 /* PokedexVC.swift */; };
		27407AF81F1D2A3500FF7F72 /* Main.storyboard in Resources */ = {isa = PBXBuildFile; fileRef = 27407AF61F1D2A3500FF7F72 /* Main.storyboard */; };
		27407AFA1F1D2A3500FF7F72 /* Assets.xcassets in Resources */ = {isa = PBXBuildFile; fileRef = 27407AF91F1D2A3500FF7F72 /* Assets.xcassets */; };
		27407AFD1F1D2A3500FF7F72 /* LaunchScreen.storyboard in Resources */ = {isa = PBXBuildFile; fileRef = 27407AFB1F1D2A3500FF7F72 /* LaunchScreen.storyboard */; };
		27407B051F1D2D6B00FF7F72 /* pokemon.csv in Resources */ = {isa = PBXBuildFile; fileRef = 27407B041F1D2D6B00FF7F72 /* pokemon.csv */; };
		27407B0A1F1D2E5700FF7F72 /* Pokemon.swift in Sources */ = {isa = PBXBuildFile; fileRef = 27407B091F1D2E5700FF7F72 /* Pokemon.swift */; };
		27407B0C1F1D33E200FF7F72 /* Pokemon GB.ttf in Resources */ = {isa = PBXBuildFile; fileRef = 27407B0B1F1D33E200FF7F72 /* Pokemon GB.ttf */; };
		27407B0E1F1D35DC00FF7F72 /* PokeCell.swift in Sources */ = {isa = PBXBuildFile; fileRef = 27407B0D1F1D35DC00FF7F72 /* PokeCell.swift */; };
		27407B101F1D3DA100FF7F72 /* csv.swift in Sources */ = {isa = PBXBuildFile; fileRef = 27407B0F1F1D3DA100FF7F72 /* csv.swift */; };
		27407B121F1D431600FF7F72 /* Pokemon Solid.ttf in Resources */ = {isa = PBXBuildFile; fileRef = 27407B111F1D431600FF7F72 /* Pokemon Solid.ttf */; };
		27407B161F1D442600FF7F72 /* music.png in Resources */ = {isa = PBXBuildFile; fileRef = 27407B151F1D442600FF7F72 /* music.png */; };
		27407B181F1D44BF00FF7F72 /* music.mp3 in Resources */ = {isa = PBXBuildFile; fileRef = 27407B171F1D44BF00FF7F72 /* music.mp3 */; };
		2799F72C1F1EB808004C28AC /* Constants.swift in Sources */ = {isa = PBXBuildFile; fileRef = 2799F72B1F1EB808004C28AC /* Constants.swift */; };
		27AF51D91F1DEE9900D49B18 /* PokemonDetailVC.swift in Sources */ = {isa = PBXBuildFile; fileRef = 27AF51D81F1DEE9900D49B18 /* PokemonDetailVC.swift */; };
/* End PBXBuildFile section */

/* Begin PBXFileReference section */
		27407AEF1F1D2A3500FF7F72 /* Pokedex.app */ = {isa = PBXFileReference; explicitFileType = wrapper.application; includeInIndex = 0; path = Pokedex.app; sourceTree = BUILT_PRODUCTS_DIR; };
		27407AF21F1D2A3500FF7F72 /* AppDelegate.swift */ = {isa = PBXFileReference; lastKnownFileType = sourcecode.swift; path = AppDelegate.swift; sourceTree = "<group>"; };
		27407AF41F1D2A3500FF7F72 /* PokedexVC.swift */ = {isa = PBXFileReference; lastKnownFileType = sourcecode.swift; path = PokedexVC.swift; sourceTree = "<group>"; };
		27407AF71F1D2A3500FF7F72 /* Base */ = {isa = PBXFileReference; lastKnownFileType = file.storyboard; name = Base; path = Base.lproj/Main.storyboard; sourceTree = "<group>"; };
		27407AF91F1D2A3500FF7F72 /* Assets.xcassets */ = {isa = PBXFileReference; lastKnownFileType = folder.assetcatalog; path = Assets.xcassets; sourceTree = "<group>"; };
		27407AFC1F1D2A3500FF7F72 /* Base */ = {isa = PBXFileReference; lastKnownFileType = file.storyboard; name = Base; path = Base.lproj/LaunchScreen.storyboard; sourceTree = "<group>"; };
		27407AFE1F1D2A3500FF7F72 /* Info.plist */ = {isa = PBXFileReference; lastKnownFileType = text.plist.xml; path = Info.plist; sourceTree = "<group>"; };
		27407B041F1D2D6B00FF7F72 /* pokemon.csv */ = {isa = PBXFileReference; fileEncoding = 4; lastKnownFileType = text; path = pokemon.csv; sourceTree = "<group>"; };
		27407B091F1D2E5700FF7F72 /* Pokemon.swift */ = {isa = PBXFileReference; fileEncoding = 4; lastKnownFileType = sourcecode.swift; path = Pokemon.swift; sourceTree = "<group>"; };
		27407B0B1F1D33E200FF7F72 /* Pokemon GB.ttf */ = {isa = PBXFileReference; lastKnownFileType = file; path = "Pokemon GB.ttf"; sourceTree = "<group>"; };
		27407B0D1F1D35DC00FF7F72 /* PokeCell.swift */ = {isa = PBXFileReference; fileEncoding = 4; lastKnownFileType = sourcecode.swift; path = PokeCell.swift; sourceTree = "<group>"; };
		27407B0F1F1D3DA100FF7F72 /* csv.swift */ = {isa = PBXFileReference; fileEncoding = 4; lastKnownFileType = sourcecode.swift; path = csv.swift; sourceTree = "<group>"; };
		27407B111F1D431600FF7F72 /* Pokemon Solid.ttf */ = {isa = PBXFileReference; lastKnownFileType = file; path = "Pokemon Solid.ttf"; sourceTree = "<group>"; };
		27407B151F1D442600FF7F72 /* music.png */ = {isa = PBXFileReference; lastKnownFileType = image.png; path = music.png; sourceTree = "<group>"; };
		27407B171F1D44BF00FF7F72 /* music.mp3 */ = {isa = PBXFileReference; lastKnownFileType = audio.mp3; path = music.mp3; sourceTree = "<group>"; };
		2799F72B1F1EB808004C28AC /* Constants.swift */ = {isa = PBXFileReference; fileEncoding = 4; lastKnownFileType = sourcecode.swift; path = Constants.swift; sourceTree = "<group>"; };
		27AF51D81F1DEE9900D49B18 /* PokemonDetailVC.swift */ = {isa = PBXFileReference; fileEncoding = 4; lastKnownFileType = sourcecode.swift; path = PokemonDetailVC.swift; sourceTree = "<group>"; };
		9BEFA272C0F35F773809C8C5 /* Pods-Pokedex.debug.xcconfig */ = {isa = PBXFileReference; includeInIndex = 1; lastKnownFileType = text.xcconfig; name = "Pods-Pokedex.debug.xcconfig"; path = "Pods/Target Support Files/Pods-Pokedex/Pods-Pokedex.debug.xcconfig"; sourceTree = "<group>"; };
		A37FD9FBD768BECC8A15A9DF /* Pods_Pokedex.framework */ = {isa = PBXFileReference; explicitFileType = wrapper.framework; includeInIndex = 0; path = Pods_Pokedex.framework; sourceTree = BUILT_PRODUCTS_DIR; };
		B91579A4A66308C63C42DB9E /* Pods-Pokedex.release.xcconfig */ = {isa = PBXFileReference; includeInIndex = 1; lastKnownFileType = text.xcconfig; name = "Pods-Pokedex.release.xcconfig"; path = "Pods/Target Support Files/Pods-Pokedex/Pods-Pokedex.release.xcconfig"; sourceTree = "<group>"; };
/* End PBXFileReference section */

/* Begin PBXFrameworksBuildPhase section */
		27407AEC1F1D2A3500FF7F72 /* Frameworks */ = {
			isa = PBXFrameworksBuildPhase;
			buildActionMask = 2147483647;
			files = (
				1023B2C462F7C5DC54FFBBDD /* Pods_Pokedex.framework in Frameworks */,
			);
			runOnlyForDeploymentPostprocessing = 0;
		};
/* End PBXFrameworksBuildPhase section */

/* Begin PBXGroup section */
		0F8E8E861175037976D5A74C /* Pods */ = {
			isa = PBXGroup;
			children = (
				9BEFA272C0F35F773809C8C5 /* Pods-Pokedex.debug.xcconfig */,
				B91579A4A66308C63C42DB9E /* Pods-Pokedex.release.xcconfig */,
			);
			name = Pods;
			sourceTree = "<group>";
		};
		27407AE61F1D2A3500FF7F72 = {
			isa = PBXGroup;
			children = (
				27407AF11F1D2A3500FF7F72 /* Pokedex */,
				27407AF01F1D2A3500FF7F72 /* Products */,
				0F8E8E861175037976D5A74C /* Pods */,
				D845398D140FA85C6C86467D /* Frameworks */,
			);
			sourceTree = "<group>";
		};
		27407AF01F1D2A3500FF7F72 /* Products */ = {
			isa = PBXGroup;
			children = (
				27407AEF1F1D2A3500FF7F72 /* Pokedex.app */,
			);
			name = Products;
			sourceTree = "<group>";
		};
		27407AF11F1D2A3500FF7F72 /* Pokedex */ = {
			isa = PBXGroup;
			children = (
				27407B081F1D2E3A00FF7F72 /* Model */,
				27407B071F1D2E3000FF7F72 /* View */,
				27407B061F1D2E2200FF7F72 /* Controller */,
				27407AF21F1D2A3500FF7F72 /* AppDelegate.swift */,
				27407AF41F1D2A3500FF7F72 /* PokedexVC.swift */,
				27407AF61F1D2A3500FF7F72 /* Main.storyboard */,
				27407AF91F1D2A3500FF7F72 /* Assets.xcassets */,
				27407B131F1D43E100FF7F72 /* Resources */,
				27407B141F1D43F900FF7F72 /* Util */,
				27407AFB1F1D2A3500FF7F72 /* LaunchScreen.storyboard */,
				27407AFE1F1D2A3500FF7F72 /* Info.plist */,
			);
			path = Pokedex;
			sourceTree = "<group>";
		};
		27407B061F1D2E2200FF7F72 /* Controller */ = {
			isa = PBXGroup;
			children = (
				27AF51D81F1DEE9900D49B18 /* PokemonDetailVC.swift */,
			);
			name = Controller;
			sourceTree = "<group>";
		};
		27407B071F1D2E3000FF7F72 /* View */ = {
			isa = PBXGroup;
			children = (
				27407B0D1F1D35DC00FF7F72 /* PokeCell.swift */,
			);
			name = View;
			sourceTree = "<group>";
		};
		27407B081F1D2E3A00FF7F72 /* Model */ = {
			isa = PBXGroup;
			children = (
				27407B091F1D2E5700FF7F72 /* Pokemon.swift */,
			);
			name = Model;
			sourceTree = "<group>";
		};
		27407B131F1D43E100FF7F72 /* Resources */ = {
			isa = PBXGroup;
			children = (
				27407B041F1D2D6B00FF7F72 /* pokemon.csv */,
				27407B111F1D431600FF7F72 /* Pokemon Solid.ttf */,
				27407B0B1F1D33E200FF7F72 /* Pokemon GB.ttf */,
				27407B171F1D44BF00FF7F72 /* music.mp3 */,
				27407B151F1D442600FF7F72 /* music.png */,
			);
			name = Resources;
			sourceTree = "<group>";
		};
		27407B141F1D43F900FF7F72 /* Util */ = {
			isa = PBXGroup;
			children = (
				27407B0F1F1D3DA100FF7F72 /* csv.swift */,
				2799F72B1F1EB808004C28AC /* Constants.swift */,
			);
			name = Util;
			sourceTree = "<group>";
		};
		D845398D140FA85C6C86467D /* Frameworks */ = {
			isa = PBXGroup;
			children = (
				A37FD9FBD768BECC8A15A9DF /* Pods_Pokedex.framework */,
			);
			name = Frameworks;
			sourceTree = "<group>";
		};
/* End PBXGroup section */

/* Begin PBXNativeTarget section */
		27407AEE1F1D2A3500FF7F72 /* Pokedex */ = {
			isa = PBXNativeTarget;
			buildConfigurationList = 27407B011F1D2A3500FF7F72 /* Build configuration list for PBXNativeTarget "Pokedex" */;
			buildPhases = (
				C14150B043F4AEBDE99556CE /* [CP] Check Pods Manifest.lock */,
				27407AEB1F1D2A3500FF7F72 /* Sources */,
				27407AEC1F1D2A3500FF7F72 /* Frameworks */,
				27407AED1F1D2A3500FF7F72 /* Resources */,
				DC965B5B389916E4937EE75F /* [CP] Embed Pods Frameworks */,
				B2A04F06B598AF8F29B36291 /* [CP] Copy Pods Resources */,
			);
			buildRules = (
			);
			dependencies = (
			);
			name = Pokedex;
			productName = Pokedex;
			productReference = 27407AEF1F1D2A3500FF7F72 /* Pokedex.app */;
			productType = "com.apple.product-type.application";
		};
/* End PBXNativeTarget section */

/* Begin PBXProject section */
		27407AE71F1D2A3500FF7F72 /* Project object */ = {
			isa = PBXProject;
			attributes = {
				LastSwiftUpdateCheck = 0830;
				LastUpgradeCheck = 0830;
				ORGANIZATIONNAME = "Kyle Aquino";
				TargetAttributes = {
					27407AEE1F1D2A3500FF7F72 = {
						CreatedOnToolsVersion = 8.3.3;
						DevelopmentTeam = 4Y5F6D66K9;
						LastSwiftMigration = 0830;
						ProvisioningStyle = Automatic;
					};
				};
			};
			buildConfigurationList = 27407AEA1F1D2A3500FF7F72 /* Build configuration list for PBXProject "Pokedex" */;
			compatibilityVersion = "Xcode 3.2";
			developmentRegion = English;
			hasScannedForEncodings = 0;
			knownRegions = (
				en,
				Base,
			);
			mainGroup = 27407AE61F1D2A3500FF7F72;
			productRefGroup = 27407AF01F1D2A3500FF7F72 /* Products */;
			projectDirPath = "";
			projectRoot = "";
			targets = (
				27407AEE1F1D2A3500FF7F72 /* Pokedex */,
			);
		};
/* End PBXProject section */

/* Begin PBXResourcesBuildPhase section */
		27407AED1F1D2A3500FF7F72 /* Resources */ = {
			isa = PBXResourcesBuildPhase;
			buildActionMask = 2147483647;
			files = (
				27407B181F1D44BF00FF7F72 /* music.mp3 in Resources */,
				27407AFD1F1D2A3500FF7F72 /* LaunchScreen.storyboard in Resources */,
				27407B161F1D442600FF7F72 /* music.png in Resources */,
				27407AFA1F1D2A3500FF7F72 /* Assets.xcassets in Resources */,
				27407B0C1F1D33E200FF7F72 /* Pokemon GB.ttf in Resources */,
				27407B121F1D431600FF7F72 /* Pokemon Solid.ttf in Resources */,
				27407B051F1D2D6B00FF7F72 /* pokemon.csv in Resources */,
				27407AF81F1D2A3500FF7F72 /* Main.storyboard in Resources */,
			);
			runOnlyForDeploymentPostprocessing = 0;
		};
/* End PBXResourcesBuildPhase section */

/* Begin PBXShellScriptBuildPhase section */
		B2A04F06B598AF8F29B36291 /* [CP] Copy Pods Resources */ = {
			isa = PBXShellScriptBuildPhase;
			buildActionMask = 2147483647;
			files = (
			);
			inputPaths = (
			);
			name = "[CP] Copy Pods Resources";
			outputPaths = (
			);
			runOnlyForDeploymentPostprocessing = 0;
			shellPath = /bin/sh;
			shellScript = "\"${SRCROOT}/Pods/Target Support Files/Pods-Pokedex/Pods-Pokedex-resources.sh\"\n";
			showEnvVarsInLog = 0;
		};
		C14150B043F4AEBDE99556CE /* [CP] Check Pods Manifest.lock */ = {
			isa = PBXShellScriptBuildPhase;
			buildActionMask = 2147483647;
			files = (
			);
			inputPaths = (
			);
			name = "[CP] Check Pods Manifest.lock";
			outputPaths = (
			);
			runOnlyForDeploymentPostprocessing = 0;
			shellPath = /bin/sh;
			shellScript = "diff \"${PODS_PODFILE_DIR_PATH}/Podfile.lock\" \"${PODS_ROOT}/Manifest.lock\" > /dev/null\nif [ $? != 0 ] ; then\n    # print error to STDERR\n    echo \"error: The sandbox is not in sync with the Podfile.lock. Run 'pod install' or update your CocoaPods installation.\" >&2\n    exit 1\nfi\n";
			showEnvVarsInLog = 0;
		};
		DC965B5B389916E4937EE75F /* [CP] Embed Pods Frameworks */ = {
			isa = PBXShellScriptBuildPhase;
			buildActionMask = 2147483647;
			files = (
			);
			inputPaths = (
			);
			name = "[CP] Embed Pods Frameworks";
			outputPaths = (
			);
			runOnlyForDeploymentPostprocessing = 0;
			shellPath = /bin/sh;
			shellScript = "\"${SRCROOT}/Pods/Target Support Files/Pods-Pokedex/Pods-Pokedex-frameworks.sh\"\n";
			showEnvVarsInLog = 0;
		};
/* End PBXShellScriptBuildPhase section */

/* Begin PBXSourcesBuildPhase section */
		27407AEB1F1D2A3500FF7F72 /* Sources */ = {
			isa = PBXSourcesBuildPhase;
			buildActionMask = 2147483647;
			files = (
				27407B0E1F1D35DC00FF7F72 /* PokeCell.swift in Sources */,
				27407AF51F1D2A3500FF7F72 /* PokedexVC.swift in Sources */,
				27407AF31F1D2A3500FF7F72 /* AppDelegate.swift in Sources */,
				27AF51D91F1DEE9900D49B18 /* PokemonDetailVC.swift in Sources */,
				2799F72C1F1EB808004C28AC /* Constants.swift in Sources */,
				27407B0A1F1D2E5700FF7F72 /* Pokemon.swift in Sources */,
				27407B101F1D3DA100FF7F72 /* csv.swift in Sources */,
			);
			runOnlyForDeploymentPostprocessing = 0;
		};
/* End PBXSourcesBuildPhase section */

/* Begin PBXVariantGroup section */
		27407AF61F1D2A3500FF7F72 /* Main.storyboard */ = {
			isa = PBXVariantGroup;
			children = (
				27407AF71F1D2A3500FF7F72 /* Base */,
			);
			name = Main.storyboard;
			sourceTree = "<group>";
		};
		27407AFB1F1D2A3500FF7F72 /* LaunchScreen.storyboard */ = {
			isa = PBXVariantGroup;
			children = (
				27407AFC1F1D2A3500FF7F72 /* Base */,
			);
			name = LaunchScreen.storyboard;
			sourceTree = "<group>";
		};
/* End PBXVariantGroup section */

/* Begin XCBuildConfiguration section */
		27407AFF1F1D2A3500FF7F72 /* Debug */ = {
			isa = XCBuildConfiguration;
			buildSettings = {
				ALWAYS_SEARCH_USER_PATHS = NO;
				CLANG_ANALYZER_NONNULL = YES;
				CLANG_ANALYZER_NUMBER_OBJECT_CONVERSION = YES_AGGRESSIVE;
				CLANG_CXX_LANGUAGE_STANDARD = "gnu++0x";
				CLANG_CXX_LIBRARY = "libc++";
				CLANG_ENABLE_MODULES = YES;
				CLANG_ENABLE_OBJC_ARC = YES;
				CLANG_WARN_BOOL_CONVERSION = YES;
				CLANG_WARN_CONSTANT_CONVERSION = YES;
				CLANG_WARN_DIRECT_OBJC_ISA_USAGE = YES_ERROR;
				CLANG_WARN_DOCUMENTATION_COMMENTS = YES;
				CLANG_WARN_EMPTY_BODY = YES;
				CLANG_WARN_ENUM_CONVERSION = YES;
				CLANG_WARN_INFINITE_RECURSION = YES;
				CLANG_WARN_INT_CONVERSION = YES;
				CLANG_WARN_OBJC_ROOT_CLASS = YES_ERROR;
				CLANG_WARN_SUSPICIOUS_MOVE = YES;
				CLANG_WARN_UNREACHABLE_CODE = YES;
				CLANG_WARN__DUPLICATE_METHOD_MATCH = YES;
				"CODE_SIGN_IDENTITY[sdk=iphoneos*]" = "iPhone Developer";
				COPY_PHASE_STRIP = NO;
				DEBUG_INFORMATION_FORMAT = dwarf;
				ENABLE_STRICT_OBJC_MSGSEND = YES;
				ENABLE_TESTABILITY = YES;
				GCC_C_LANGUAGE_STANDARD = gnu99;
				GCC_DYNAMIC_NO_PIC = NO;
				GCC_NO_COMMON_BLOCKS = YES;
				GCC_OPTIMIZATION_LEVEL = 0;
				GCC_PREPROCESSOR_DEFINITIONS = (
					"DEBUG=1",
					"$(inherited)",
				);
				GCC_WARN_64_TO_32_BIT_CONVERSION = YES;
				GCC_WARN_ABOUT_RETURN_TYPE = YES_ERROR;
				GCC_WARN_UNDECLARED_SELECTOR = YES;
				GCC_WARN_UNINITIALIZED_AUTOS = YES_AGGRESSIVE;
				GCC_WARN_UNUSED_FUNCTION = YES;
				GCC_WARN_UNUSED_VARIABLE = YES;
				IPHONEOS_DEPLOYMENT_TARGET = 10.3;
				MTL_ENABLE_DEBUG_INFO = YES;
				ONLY_ACTIVE_ARCH = YES;
				SDKROOT = iphoneos;
				SWIFT_ACTIVE_COMPILATION_CONDITIONS = DEBUG;
				SWIFT_OPTIMIZATION_LEVEL = "-Onone";
			};
			name = Debug;
		};
		27407B001F1D2A3500FF7F72 /* Release */ = {
			isa = XCBuildConfiguration;
			buildSettings = {
				ALWAYS_SEARCH_USER_PATHS = NO;
				CLANG_ANALYZER_NONNULL = YES;
				CLANG_ANALYZER_NUMBER_OBJECT_CONVERSION = YES_AGGRESSIVE;
				CLANG_CXX_LANGUAGE_STANDARD = "gnu++0x";
				CLANG_CXX_LIBRARY = "libc++";
				CLANG_ENABLE_MODULES = YES;
				CLANG_ENABLE_OBJC_ARC = YES;
				CLANG_WARN_BOOL_CONVERSION = YES;
				CLANG_WARN_CONSTANT_CONVERSION = YES;
				CLANG_WARN_DIRECT_OBJC_ISA_USAGE = YES_ERROR;
				CLANG_WARN_DOCUMENTATION_COMMENTS = YES;
				CLANG_WARN_EMPTY_BODY = YES;
				CLANG_WARN_ENUM_CONVERSION = YES;
				CLANG_WARN_INFINITE_RECURSION = YES;
				CLANG_WARN_INT_CONVERSION = YES;
				CLANG_WARN_OBJC_ROOT_CLASS = YES_ERROR;
				CLANG_WARN_SUSPICIOUS_MOVE = YES;
				CLANG_WARN_UNREACHABLE_CODE = YES;
				CLANG_WARN__DUPLICATE_METHOD_MATCH = YES;
				"CODE_SIGN_IDENTITY[sdk=iphoneos*]" = "iPhone Developer";
				COPY_PHASE_STRIP = NO;
				DEBUG_INFORMATION_FORMAT = "dwarf-with-dsym";
				ENABLE_NS_ASSERTIONS = NO;
				ENABLE_STRICT_OBJC_MSGSEND = YES;
				GCC_C_LANGUAGE_STANDARD = gnu99;
				GCC_NO_COMMON_BLOCKS = YES;
				GCC_WARN_64_TO_32_BIT_CONVERSION = YES;
				GCC_WARN_ABOUT_RETURN_TYPE = YES_ERROR;
				GCC_WARN_UNDECLARED_SELECTOR = YES;
				GCC_WARN_UNINITIALIZED_AUTOS = YES_AGGRESSIVE;
				GCC_WARN_UNUSED_FUNCTION = YES;
				GCC_WARN_UNUSED_VARIABLE = YES;
				IPHONEOS_DEPLOYMENT_TARGET = 10.3;
				MTL_ENABLE_DEBUG_INFO = NO;
				SDKROOT = iphoneos;
				SWIFT_OPTIMIZATION_LEVEL = "-Owholemodule";
				VALIDATE_PRODUCT = YES;
			};
			name = Release;
		};
		27407B021F1D2A3500FF7F72 /* Debug */ = {
			isa = XCBuildConfiguration;
			baseConfigurationReference = 9BEFA272C0F35F773809C8C5 /* Pods-Pokedex.debug.xcconfig */;
			buildSettings = {
				ASSETCATALOG_COMPILER_APPICON_NAME = AppIcon;
				DEVELOPMENT_TEAM = 4Y5F6D66K9;
				INFOPLIST_FILE = Pokedex/Info.plist;
				LD_RUNPATH_SEARCH_PATHS = "$(inherited) @executable_path/Frameworks";
				PRODUCT_BUNDLE_IDENTIFIER = com.kyleaquino.Pokedex;
				PRODUCT_NAME = "$(TARGET_NAME)";
				SWIFT_VERSION = 3.0;
			};
			name = Debug;
		};
		27407B031F1D2A3500FF7F72 /* Release */ = {
			isa = XCBuildConfiguration;
			baseConfigurationReference = B91579A4A66308C63C42DB9E /* Pods-Pokedex.release.xcconfig */;
			buildSettings = {
				ASSETCATALOG_COMPILER_APPICON_NAME = AppIcon;
				DEVELOPMENT_TEAM = 4Y5F6D66K9;
				INFOPLIST_FILE = Pokedex/Info.plist;
				LD_RUNPATH_SEARCH_PATHS = "$(inherited) @executable_path/Frameworks";
				PRODUCT_BUNDLE_IDENTIFIER = com.kyleaquino.Pokedex;
				PRODUCT_NAME = "$(TARGET_NAME)";
				SWIFT_VERSION = 3.0;
			};
			name = Release;
		};
/* End XCBuildConfiguration section */

/* Begin XCConfigurationList section */
		27407AEA1F1D2A3500FF7F72 /* Build configuration list for PBXProject "Pokedex" */ = {
			isa = XCConfigurationList;
			buildConfigurations = (
				27407AFF1F1D2A3500FF7F72 /* Debug */,
				27407B001F1D2A3500FF7F72 /* Release */,
			);
			defaultConfigurationIsVisible = 0;
			defaultConfigurationName = Release;
		};
		27407B011F1D2A3500FF7F72 /* Build configuration list for PBXNativeTarget "Pokedex" */ = {
			isa = XCConfigurationList;
			buildConfigurations = (
				27407B021F1D2A3500FF7F72 /* Debug */,
				27407B031F1D2A3500FF7F72 /* Release */,
			);
			defaultConfigurationIsVisible = 0;
			defaultConfigurationName = Release;
		};
/* End XCConfigurationList section */
	};
	rootObject = 27407AE71F1D2A3500FF7F72 /* Project object */;
}
